
Microsoft Visual Studio Solution File, Format Version 12.00
# Visual Studio Version 17
VisualStudioVersion = 17.5.33424.131
MinimumVisualStudioVersion = 10.0.40219.1
Project("{FAE04EC0-301F-11D3-BF4B-00C04F79EFBC}") = "PersonelKayitSistemi", "PersonelKayıtSistemi\PersonelKayitSistemi.csproj", "{E63D0F5A-73B1-4154-9149-E93B5C00C995}"
EndProject
Global
	GlobalSection(SolutionConfigurationPlatforms) = preSolution
		Debug|Any CPU = Debug|Any CPU
		Release|Any CPU = Release|Any CPU
	EndGlobalSection
	GlobalSection(ProjectConfigurationPlatforms) = postSolution
		{E63D0F5A-73B1-4154-9149-E93B5C00C995}.Debug|Any CPU.ActiveCfg = Debug|Any CPU
		{E63D0F5A-73B1-4154-9149-E93B5C00C995}.Debug|Any CPU.Build.0 = Debug|Any CPU
		{E63D0F5A-73B1-4154-9149-E93B5C00C995}.Release|Any CPU.ActiveCfg = Release|Any CPU
		{E63D0F5A-73B1-4154-9149-E93B5C00C995}.Release|Any CPU.Build.0 = Release|Any CPU
	EndGlobalSection
	GlobalSection(SolutionProperties) = preSolution
		HideSolutionNode = FALSE
	EndGlobalSection
	GlobalSection(ExtensibilityGlobals) = postSolution
		SolutionGuid = {27BE0FDB-E23A-4926-A126-6BDDB215193F}
	EndGlobalSection
EndGlobal
